// !$*UTF8*$!
{
	archiveVersion = 1;
	classes = {
	};
	objectVersion = 48;
	objects = {

/* Begin PBXBuildFile section */
		35F9D9039740E55AEFE8DCED /* Pods_proj_2017_bTests.framework in Frameworks */ = {isa = PBXBuildFile; fileRef = 8EF6512C3E94A011182500EF /* Pods_proj_2017_bTests.framework */; };
		6E20547B1FD99AD4009216E0 /* TopViewController.swift in Sources */ = {isa = PBXBuildFile; fileRef = 6E20547A1FD99AD4009216E0 /* TopViewController.swift */; };
		6E20547E1FD99AF2009216E0 /* ReaderPresenter.swift in Sources */ = {isa = PBXBuildFile; fileRef = 6E20547D1FD99AF2009216E0 /* ReaderPresenter.swift */; };
		6E2054811FD99B38009216E0 /* ShowDataPresenter.swift in Sources */ = {isa = PBXBuildFile; fileRef = 6E2054801FD99B38009216E0 /* ShowDataPresenter.swift */; };
		6E2054831FD99B42009216E0 /* ShowDataViewController.swift in Sources */ = {isa = PBXBuildFile; fileRef = 6E2054821FD99B42009216E0 /* ShowDataViewController.swift */; };
		6E2054851FD99B4D009216E0 /* ShowDataViewController.storyboard in Resources */ = {isa = PBXBuildFile; fileRef = 6E2054841FD99B4D009216E0 /* ShowDataViewController.storyboard */; };
		6E2054881FD99D52009216E0 /* R.generated.swift in Sources */ = {isa = PBXBuildFile; fileRef = 6E2054871FD99D52009216E0 /* R.generated.swift */; };
		6E20548A1FD99FD9009216E0 /* API.swift in Sources */ = {isa = PBXBuildFile; fileRef = 6E2054891FD99FD9009216E0 /* API.swift */; };
		6E20548C1FD99FE5009216E0 /* KagayaAPI.swift in Sources */ = {isa = PBXBuildFile; fileRef = 6E20548B1FD99FE5009216E0 /* KagayaAPI.swift */; };
		6E20548F1FD9A250009216E0 /* QRDataSendRequest.swift in Sources */ = {isa = PBXBuildFile; fileRef = 6E20548E1FD9A250009216E0 /* QRDataSendRequest.swift */; };
		6E2054921FD9A414009216E0 /* QRDataEntity.swift in Sources */ = {isa = PBXBuildFile; fileRef = 6E2054911FD9A414009216E0 /* QRDataEntity.swift */; };
		6E2054941FD9A529009216E0 /* QRDataRepository.swift in Sources */ = {isa = PBXBuildFile; fileRef = 6E2054931FD9A529009216E0 /* QRDataRepository.swift */; };
		6EC5B7101FD7B7010096B0A6 /* AppDelegate.swift in Sources */ = {isa = PBXBuildFile; fileRef = 6EC5B70F1FD7B7010096B0A6 /* AppDelegate.swift */; };
		6EC5B7121FD7B7010096B0A6 /* ReaderViewController.swift in Sources */ = {isa = PBXBuildFile; fileRef = 6EC5B7111FD7B7010096B0A6 /* ReaderViewController.swift */; };
		6EC5B7151FD7B7010096B0A6 /* Main.storyboard in Resources */ = {isa = PBXBuildFile; fileRef = 6EC5B7131FD7B7010096B0A6 /* Main.storyboard */; };
		6EC5B7171FD7B7010096B0A6 /* Assets.xcassets in Resources */ = {isa = PBXBuildFile; fileRef = 6EC5B7161FD7B7010096B0A6 /* Assets.xcassets */; };
		6EC5B71A1FD7B7010096B0A6 /* LaunchScreen.storyboard in Resources */ = {isa = PBXBuildFile; fileRef = 6EC5B7181FD7B7010096B0A6 /* LaunchScreen.storyboard */; };
		6EC5B7251FD7B7010096B0A6 /* proj_2017_bTests.swift in Sources */ = {isa = PBXBuildFile; fileRef = 6EC5B7241FD7B7010096B0A6 /* proj_2017_bTests.swift */; };
		6EC5B7301FD7B7010096B0A6 /* proj_2017_bUITests.swift in Sources */ = {isa = PBXBuildFile; fileRef = 6EC5B72F1FD7B7010096B0A6 /* proj_2017_bUITests.swift */; };
		7E8326325D589D3291508249 /* Pods_proj_2017_bUITests.framework in Frameworks */ = {isa = PBXBuildFile; fileRef = CE4ECAC7582A6D7D93893803 /* Pods_proj_2017_bUITests.framework */; };
		D154155F9A3DAF232F67F59F /* Pods_proj_2017_b.framework in Frameworks */ = {isa = PBXBuildFile; fileRef = 0F35C77087363131D2617560 /* Pods_proj_2017_b.framework */; };
/* End PBXBuildFile section */

/* Begin PBXContainerItemProxy section */
		6EC5B7211FD7B7010096B0A6 /* PBXContainerItemProxy */ = {
			isa = PBXContainerItemProxy;
			containerPortal = 6EC5B7041FD7B7010096B0A6 /* Project object */;
			proxyType = 1;
			remoteGlobalIDString = 6EC5B70B1FD7B7010096B0A6;
			remoteInfo = "proj-2017-b";
		};
		6EC5B72C1FD7B7010096B0A6 /* PBXContainerItemProxy */ = {
			isa = PBXContainerItemProxy;
			containerPortal = 6EC5B7041FD7B7010096B0A6 /* Project object */;
			proxyType = 1;
			remoteGlobalIDString = 6EC5B70B1FD7B7010096B0A6;
			remoteInfo = "proj-2017-b";
		};
/* End PBXContainerItemProxy section */

/* Begin PBXFileReference section */
		0F35C77087363131D2617560 /* Pods_proj_2017_b.framework */ = {isa = PBXFileReference; explicitFileType = wrapper.framework; includeInIndex = 0; path = Pods_proj_2017_b.framework; sourceTree = BUILT_PRODUCTS_DIR; };
		2B1CD479DF69D1402DBD8444 /* Pods-proj-2017-bTests.release.xcconfig */ = {isa = PBXFileReference; includeInIndex = 1; lastKnownFileType = text.xcconfig; name = "Pods-proj-2017-bTests.release.xcconfig"; path = "Pods/Target Support Files/Pods-proj-2017-bTests/Pods-proj-2017-bTests.release.xcconfig"; sourceTree = "<group>"; };
		4D4A7E727E370F9F4558A36A /* Pods-proj-2017-b.debug.xcconfig */ = {isa = PBXFileReference; includeInIndex = 1; lastKnownFileType = text.xcconfig; name = "Pods-proj-2017-b.debug.xcconfig"; path = "Pods/Target Support Files/Pods-proj-2017-b/Pods-proj-2017-b.debug.xcconfig"; sourceTree = "<group>"; };
		6E20547A1FD99AD4009216E0 /* TopViewController.swift */ = {isa = PBXFileReference; lastKnownFileType = sourcecode.swift; path = TopViewController.swift; sourceTree = "<group>"; };
		6E20547D1FD99AF2009216E0 /* ReaderPresenter.swift */ = {isa = PBXFileReference; lastKnownFileType = sourcecode.swift; path = ReaderPresenter.swift; sourceTree = "<group>"; };
		6E2054801FD99B38009216E0 /* ShowDataPresenter.swift */ = {isa = PBXFileReference; lastKnownFileType = sourcecode.swift; path = ShowDataPresenter.swift; sourceTree = "<group>"; };
		6E2054821FD99B42009216E0 /* ShowDataViewController.swift */ = {isa = PBXFileReference; lastKnownFileType = sourcecode.swift; path = ShowDataViewController.swift; sourceTree = "<group>"; };
		6E2054841FD99B4D009216E0 /* ShowDataViewController.storyboard */ = {isa = PBXFileReference; lastKnownFileType = file.storyboard; path = ShowDataViewController.storyboard; sourceTree = "<group>"; };
		6E2054871FD99D52009216E0 /* R.generated.swift */ = {isa = PBXFileReference; fileEncoding = 4; lastKnownFileType = sourcecode.swift; path = R.generated.swift; sourceTree = "<group>"; };
		6E2054891FD99FD9009216E0 /* API.swift */ = {isa = PBXFileReference; lastKnownFileType = sourcecode.swift; path = API.swift; sourceTree = "<group>"; };
		6E20548B1FD99FE5009216E0 /* KagayaAPI.swift */ = {isa = PBXFileReference; lastKnownFileType = sourcecode.swift; path = KagayaAPI.swift; sourceTree = "<group>"; };
		6E20548E1FD9A250009216E0 /* QRDataSendRequest.swift */ = {isa = PBXFileReference; lastKnownFileType = sourcecode.swift; path = QRDataSendRequest.swift; sourceTree = "<group>"; };
		6E2054911FD9A414009216E0 /* QRDataEntity.swift */ = {isa = PBXFileReference; lastKnownFileType = sourcecode.swift; path = QRDataEntity.swift; sourceTree = "<group>"; };
		6E2054931FD9A529009216E0 /* QRDataRepository.swift */ = {isa = PBXFileReference; lastKnownFileType = sourcecode.swift; path = QRDataRepository.swift; sourceTree = "<group>"; };
		6EC5B70C1FD7B7010096B0A6 /* proj-2017-b.app */ = {isa = PBXFileReference; explicitFileType = wrapper.application; includeInIndex = 0; path = "proj-2017-b.app"; sourceTree = BUILT_PRODUCTS_DIR; };
		6EC5B70F1FD7B7010096B0A6 /* AppDelegate.swift */ = {isa = PBXFileReference; lastKnownFileType = sourcecode.swift; path = AppDelegate.swift; sourceTree = "<group>"; };
		6EC5B7111FD7B7010096B0A6 /* ReaderViewController.swift */ = {isa = PBXFileReference; lastKnownFileType = sourcecode.swift; path = ReaderViewController.swift; sourceTree = "<group>"; };
		6EC5B7141FD7B7010096B0A6 /* Base */ = {isa = PBXFileReference; lastKnownFileType = file.storyboard; name = Base; path = Base.lproj/Main.storyboard; sourceTree = "<group>"; };
		6EC5B7161FD7B7010096B0A6 /* Assets.xcassets */ = {isa = PBXFileReference; lastKnownFileType = folder.assetcatalog; path = Assets.xcassets; sourceTree = "<group>"; };
		6EC5B7191FD7B7010096B0A6 /* Base */ = {isa = PBXFileReference; lastKnownFileType = file.storyboard; name = Base; path = Base.lproj/LaunchScreen.storyboard; sourceTree = "<group>"; };
		6EC5B71B1FD7B7010096B0A6 /* Info.plist */ = {isa = PBXFileReference; lastKnownFileType = text.plist.xml; path = Info.plist; sourceTree = "<group>"; };
		6EC5B7201FD7B7010096B0A6 /* proj-2017-bTests.xctest */ = {isa = PBXFileReference; explicitFileType = wrapper.cfbundle; includeInIndex = 0; path = "proj-2017-bTests.xctest"; sourceTree = BUILT_PRODUCTS_DIR; };
		6EC5B7241FD7B7010096B0A6 /* proj_2017_bTests.swift */ = {isa = PBXFileReference; lastKnownFileType = sourcecode.swift; path = proj_2017_bTests.swift; sourceTree = "<group>"; };
		6EC5B7261FD7B7010096B0A6 /* Info.plist */ = {isa = PBXFileReference; lastKnownFileType = text.plist.xml; path = Info.plist; sourceTree = "<group>"; };
		6EC5B72B1FD7B7010096B0A6 /* proj-2017-bUITests.xctest */ = {isa = PBXFileReference; explicitFileType = wrapper.cfbundle; includeInIndex = 0; path = "proj-2017-bUITests.xctest"; sourceTree = BUILT_PRODUCTS_DIR; };
		6EC5B72F1FD7B7010096B0A6 /* proj_2017_bUITests.swift */ = {isa = PBXFileReference; lastKnownFileType = sourcecode.swift; path = proj_2017_bUITests.swift; sourceTree = "<group>"; };
		6EC5B7311FD7B7010096B0A6 /* Info.plist */ = {isa = PBXFileReference; lastKnownFileType = text.plist.xml; path = Info.plist; sourceTree = "<group>"; };
		78A66398994F8A38C75D5BAB /* Pods-proj-2017-bUITests.debug.xcconfig */ = {isa = PBXFileReference; includeInIndex = 1; lastKnownFileType = text.xcconfig; name = "Pods-proj-2017-bUITests.debug.xcconfig"; path = "Pods/Target Support Files/Pods-proj-2017-bUITests/Pods-proj-2017-bUITests.debug.xcconfig"; sourceTree = "<group>"; };
		8EF6512C3E94A011182500EF /* Pods_proj_2017_bTests.framework */ = {isa = PBXFileReference; explicitFileType = wrapper.framework; includeInIndex = 0; path = Pods_proj_2017_bTests.framework; sourceTree = BUILT_PRODUCTS_DIR; };
		A27E721C7DF5ED473F394267 /* Pods-proj-2017-bUITests.release.xcconfig */ = {isa = PBXFileReference; includeInIndex = 1; lastKnownFileType = text.xcconfig; name = "Pods-proj-2017-bUITests.release.xcconfig"; path = "Pods/Target Support Files/Pods-proj-2017-bUITests/Pods-proj-2017-bUITests.release.xcconfig"; sourceTree = "<group>"; };
		BA7C45C92DB1AAD2CD1A9A0F /* Pods-proj-2017-b.release.xcconfig */ = {isa = PBXFileReference; includeInIndex = 1; lastKnownFileType = text.xcconfig; name = "Pods-proj-2017-b.release.xcconfig"; path = "Pods/Target Support Files/Pods-proj-2017-b/Pods-proj-2017-b.release.xcconfig"; sourceTree = "<group>"; };
		CE4ECAC7582A6D7D93893803 /* Pods_proj_2017_bUITests.framework */ = {isa = PBXFileReference; explicitFileType = wrapper.framework; includeInIndex = 0; path = Pods_proj_2017_bUITests.framework; sourceTree = BUILT_PRODUCTS_DIR; };
		FF7DFF4136BA444267014731 /* Pods-proj-2017-bTests.debug.xcconfig */ = {isa = PBXFileReference; includeInIndex = 1; lastKnownFileType = text.xcconfig; name = "Pods-proj-2017-bTests.debug.xcconfig"; path = "Pods/Target Support Files/Pods-proj-2017-bTests/Pods-proj-2017-bTests.debug.xcconfig"; sourceTree = "<group>"; };
/* End PBXFileReference section */

/* Begin PBXFrameworksBuildPhase section */
		6EC5B7091FD7B7010096B0A6 /* Frameworks */ = {
			isa = PBXFrameworksBuildPhase;
			buildActionMask = 2147483647;
			files = (
				D154155F9A3DAF232F67F59F /* Pods_proj_2017_b.framework in Frameworks */,
			);
			runOnlyForDeploymentPostprocessing = 0;
		};
		6EC5B71D1FD7B7010096B0A6 /* Frameworks */ = {
			isa = PBXFrameworksBuildPhase;
			buildActionMask = 2147483647;
			files = (
				35F9D9039740E55AEFE8DCED /* Pods_proj_2017_bTests.framework in Frameworks */,
			);
			runOnlyForDeploymentPostprocessing = 0;
		};
		6EC5B7281FD7B7010096B0A6 /* Frameworks */ = {
			isa = PBXFrameworksBuildPhase;
			buildActionMask = 2147483647;
			files = (
				7E8326325D589D3291508249 /* Pods_proj_2017_bUITests.framework in Frameworks */,
			);
			runOnlyForDeploymentPostprocessing = 0;
		};
/* End PBXFrameworksBuildPhase section */

/* Begin PBXGroup section */
		221C4D26AA8D04C782F3F8E6 /* Frameworks */ = {
			isa = PBXGroup;
			children = (
				0F35C77087363131D2617560 /* Pods_proj_2017_b.framework */,
				8EF6512C3E94A011182500EF /* Pods_proj_2017_bTests.framework */,
				CE4ECAC7582A6D7D93893803 /* Pods_proj_2017_bUITests.framework */,
			);
			name = Frameworks;
			sourceTree = "<group>";
		};
		6E2054721FD99514009216E0 /* Presentation */ = {
			isa = PBXGroup;
			children = (
				6E2054731FD9951F009216E0 /* ViewController */,
			);
			path = Presentation;
			sourceTree = "<group>";
		};
		6E2054731FD9951F009216E0 /* ViewController */ = {
			isa = PBXGroup;
			children = (
				6E20547F1FD99AFA009216E0 /* ShowData */,
				6E20547C1FD99AE5009216E0 /* Reader */,
				6E2054771FD99AA9009216E0 /* Top */,
			);
			path = ViewController;
			sourceTree = "<group>";
		};
		6E2054741FD99538009216E0 /* Data */ = {
			isa = PBXGroup;
			children = (
				6E20548D1FD9A049009216E0 /* Request */,
				6E2054761FD99545009216E0 /* Datastore */,
				6E2054751FD99540009216E0 /* Repository */,
				6E2054891FD99FD9009216E0 /* API.swift */,
				6E20548B1FD99FE5009216E0 /* KagayaAPI.swift */,
			);
			path = Data;
			sourceTree = "<group>";
		};
		6E2054751FD99540009216E0 /* Repository */ = {
			isa = PBXGroup;
			children = (
				6E2054931FD9A529009216E0 /* QRDataRepository.swift */,
			);
			path = Repository;
			sourceTree = "<group>";
		};
		6E2054761FD99545009216E0 /* Datastore */ = {
			isa = PBXGroup;
			children = (
			);
			path = Datastore;
			sourceTree = "<group>";
		};
		6E2054771FD99AA9009216E0 /* Top */ = {
			isa = PBXGroup;
			children = (
				6E20547A1FD99AD4009216E0 /* TopViewController.swift */,
			);
			path = Top;
			sourceTree = "<group>";
		};
		6E20547C1FD99AE5009216E0 /* Reader */ = {
			isa = PBXGroup;
			children = (
				6EC5B7111FD7B7010096B0A6 /* ReaderViewController.swift */,
				6E20547D1FD99AF2009216E0 /* ReaderPresenter.swift */,
			);
			path = Reader;
			sourceTree = "<group>";
		};
		6E20547F1FD99AFA009216E0 /* ShowData */ = {
			isa = PBXGroup;
			children = (
				6E2054801FD99B38009216E0 /* ShowDataPresenter.swift */,
				6E2054821FD99B42009216E0 /* ShowDataViewController.swift */,
				6E2054841FD99B4D009216E0 /* ShowDataViewController.storyboard */,
			);
			path = ShowData;
			sourceTree = "<group>";
		};
		6E20548D1FD9A049009216E0 /* Request */ = {
			isa = PBXGroup;
			children = (
				6E20548E1FD9A250009216E0 /* QRDataSendRequest.swift */,
			);
			path = Request;
			sourceTree = "<group>";
		};
		6E2054901FD9A3DA009216E0 /* Entity */ = {
			isa = PBXGroup;
			children = (
				6E2054911FD9A414009216E0 /* QRDataEntity.swift */,
			);
			path = Entity;
			sourceTree = "<group>";
		};
		6EC5B7031FD7B7010096B0A6 = {
			isa = PBXGroup;
			children = (
				6E2054871FD99D52009216E0 /* R.generated.swift */,
				6EC5B70E1FD7B7010096B0A6 /* proj-2017-b */,
				6EC5B7231FD7B7010096B0A6 /* proj-2017-bTests */,
				6EC5B72E1FD7B7010096B0A6 /* proj-2017-bUITests */,
				6EC5B70D1FD7B7010096B0A6 /* Products */,
				CAC6DC3BFF719EE456179522 /* Pods */,
				221C4D26AA8D04C782F3F8E6 /* Frameworks */,
			);
			sourceTree = "<group>";
		};
		6EC5B70D1FD7B7010096B0A6 /* Products */ = {
			isa = PBXGroup;
			children = (
				6EC5B70C1FD7B7010096B0A6 /* proj-2017-b.app */,
				6EC5B7201FD7B7010096B0A6 /* proj-2017-bTests.xctest */,
				6EC5B72B1FD7B7010096B0A6 /* proj-2017-bUITests.xctest */,
			);
			name = Products;
			sourceTree = "<group>";
		};
		6EC5B70E1FD7B7010096B0A6 /* proj-2017-b */ = {
			isa = PBXGroup;
			children = (
				6E2054901FD9A3DA009216E0 /* Entity */,
				6E2054741FD99538009216E0 /* Data */,
				6E2054721FD99514009216E0 /* Presentation */,
				6EC5B70F1FD7B7010096B0A6 /* AppDelegate.swift */,
				6EC5B7131FD7B7010096B0A6 /* Main.storyboard */,
				6EC5B7161FD7B7010096B0A6 /* Assets.xcassets */,
				6EC5B7181FD7B7010096B0A6 /* LaunchScreen.storyboard */,
				6EC5B71B1FD7B7010096B0A6 /* Info.plist */,
			);
			path = "proj-2017-b";
			sourceTree = "<group>";
		};
		6EC5B7231FD7B7010096B0A6 /* proj-2017-bTests */ = {
			isa = PBXGroup;
			children = (
				6EC5B7241FD7B7010096B0A6 /* proj_2017_bTests.swift */,
				6EC5B7261FD7B7010096B0A6 /* Info.plist */,
			);
			path = "proj-2017-bTests";
			sourceTree = "<group>";
		};
		6EC5B72E1FD7B7010096B0A6 /* proj-2017-bUITests */ = {
			isa = PBXGroup;
			children = (
				6EC5B72F1FD7B7010096B0A6 /* proj_2017_bUITests.swift */,
				6EC5B7311FD7B7010096B0A6 /* Info.plist */,
			);
			path = "proj-2017-bUITests";
			sourceTree = "<group>";
		};
		CAC6DC3BFF719EE456179522 /* Pods */ = {
			isa = PBXGroup;
			children = (
				4D4A7E727E370F9F4558A36A /* Pods-proj-2017-b.debug.xcconfig */,
				BA7C45C92DB1AAD2CD1A9A0F /* Pods-proj-2017-b.release.xcconfig */,
				FF7DFF4136BA444267014731 /* Pods-proj-2017-bTests.debug.xcconfig */,
				2B1CD479DF69D1402DBD8444 /* Pods-proj-2017-bTests.release.xcconfig */,
				78A66398994F8A38C75D5BAB /* Pods-proj-2017-bUITests.debug.xcconfig */,
				A27E721C7DF5ED473F394267 /* Pods-proj-2017-bUITests.release.xcconfig */,
			);
			name = Pods;
			sourceTree = "<group>";
		};
/* End PBXGroup section */

/* Begin PBXNativeTarget section */
		6EC5B70B1FD7B7010096B0A6 /* proj-2017-b */ = {
			isa = PBXNativeTarget;
			buildConfigurationList = 6EC5B7341FD7B7010096B0A6 /* Build configuration list for PBXNativeTarget "proj-2017-b" */;
			buildPhases = (
				8672349C587A51911D6977B4 /* [CP] Check Pods Manifest.lock */,
				6E2054861FD99C81009216E0 /* ShellScript */,
				6EC5B7081FD7B7010096B0A6 /* Sources */,
				6EC5B7091FD7B7010096B0A6 /* Frameworks */,
				6EC5B70A1FD7B7010096B0A6 /* Resources */,
				42D02D64CB6208FC3F395077 /* [CP] Embed Pods Frameworks */,
				0AA0A72D2080D756CB64671D /* [CP] Copy Pods Resources */,
			);
			buildRules = (
			);
			dependencies = (
			);
			name = "proj-2017-b";
			productName = "proj-2017-b";
			productReference = 6EC5B70C1FD7B7010096B0A6 /* proj-2017-b.app */;
			productType = "com.apple.product-type.application";
		};
		6EC5B71F1FD7B7010096B0A6 /* proj-2017-bTests */ = {
			isa = PBXNativeTarget;
			buildConfigurationList = 6EC5B7371FD7B7010096B0A6 /* Build configuration list for PBXNativeTarget "proj-2017-bTests" */;
			buildPhases = (
				679556CD05A078AA7728C450 /* [CP] Check Pods Manifest.lock */,
				6EC5B71C1FD7B7010096B0A6 /* Sources */,
				6EC5B71D1FD7B7010096B0A6 /* Frameworks */,
				6EC5B71E1FD7B7010096B0A6 /* Resources */,
				BFC73312E8F487C5A8F70111 /* [CP] Embed Pods Frameworks */,
				64978299EFA7AE9C4E00CB59 /* [CP] Copy Pods Resources */,
			);
			buildRules = (
			);
			dependencies = (
				6EC5B7221FD7B7010096B0A6 /* PBXTargetDependency */,
			);
			name = "proj-2017-bTests";
			productName = "proj-2017-bTests";
			productReference = 6EC5B7201FD7B7010096B0A6 /* proj-2017-bTests.xctest */;
			productType = "com.apple.product-type.bundle.unit-test";
		};
		6EC5B72A1FD7B7010096B0A6 /* proj-2017-bUITests */ = {
			isa = PBXNativeTarget;
			buildConfigurationList = 6EC5B73A1FD7B7010096B0A6 /* Build configuration list for PBXNativeTarget "proj-2017-bUITests" */;
			buildPhases = (
				55007C3A2FCA8BCF8AD7C75A /* [CP] Check Pods Manifest.lock */,
				6EC5B7271FD7B7010096B0A6 /* Sources */,
				6EC5B7281FD7B7010096B0A6 /* Frameworks */,
				6EC5B7291FD7B7010096B0A6 /* Resources */,
				0ACF14AE6D321E356B162DA6 /* [CP] Embed Pods Frameworks */,
				FF7DC9C64ECD094610ED0BFD /* [CP] Copy Pods Resources */,
			);
			buildRules = (
			);
			dependencies = (
				6EC5B72D1FD7B7010096B0A6 /* PBXTargetDependency */,
			);
			name = "proj-2017-bUITests";
			productName = "proj-2017-bUITests";
			productReference = 6EC5B72B1FD7B7010096B0A6 /* proj-2017-bUITests.xctest */;
			productType = "com.apple.product-type.bundle.ui-testing";
		};
/* End PBXNativeTarget section */

/* Begin PBXProject section */
		6EC5B7041FD7B7010096B0A6 /* Project object */ = {
			isa = PBXProject;
			attributes = {
				LastSwiftUpdateCheck = 0910;
				LastUpgradeCheck = 0910;
				ORGANIZATIONNAME = kazu;
				TargetAttributes = {
					6EC5B70B1FD7B7010096B0A6 = {
						CreatedOnToolsVersion = 9.1;
						ProvisioningStyle = Automatic;
					};
					6EC5B71F1FD7B7010096B0A6 = {
						CreatedOnToolsVersion = 9.1;
						ProvisioningStyle = Automatic;
						TestTargetID = 6EC5B70B1FD7B7010096B0A6;
					};
					6EC5B72A1FD7B7010096B0A6 = {
						CreatedOnToolsVersion = 9.1;
						ProvisioningStyle = Automatic;
						TestTargetID = 6EC5B70B1FD7B7010096B0A6;
					};
				};
			};
			buildConfigurationList = 6EC5B7071FD7B7010096B0A6 /* Build configuration list for PBXProject "proj-2017-b" */;
			compatibilityVersion = "Xcode 8.0";
			developmentRegion = en;
			hasScannedForEncodings = 0;
			knownRegions = (
				en,
				Base,
			);
			mainGroup = 6EC5B7031FD7B7010096B0A6;
			productRefGroup = 6EC5B70D1FD7B7010096B0A6 /* Products */;
			projectDirPath = "";
			projectRoot = "";
			targets = (
				6EC5B70B1FD7B7010096B0A6 /* proj-2017-b */,
				6EC5B71F1FD7B7010096B0A6 /* proj-2017-bTests */,
				6EC5B72A1FD7B7010096B0A6 /* proj-2017-bUITests */,
			);
		};
/* End PBXProject section */

/* Begin PBXResourcesBuildPhase section */
		6EC5B70A1FD7B7010096B0A6 /* Resources */ = {
			isa = PBXResourcesBuildPhase;
			buildActionMask = 2147483647;
			files = (
				6EC5B71A1FD7B7010096B0A6 /* LaunchScreen.storyboard in Resources */,
				6EC5B7171FD7B7010096B0A6 /* Assets.xcassets in Resources */,
				6E2054851FD99B4D009216E0 /* ShowDataViewController.storyboard in Resources */,
				6EC5B7151FD7B7010096B0A6 /* Main.storyboard in Resources */,
			);
			runOnlyForDeploymentPostprocessing = 0;
		};
		6EC5B71E1FD7B7010096B0A6 /* Resources */ = {
			isa = PBXResourcesBuildPhase;
			buildActionMask = 2147483647;
			files = (
			);
			runOnlyForDeploymentPostprocessing = 0;
		};
		6EC5B7291FD7B7010096B0A6 /* Resources */ = {
			isa = PBXResourcesBuildPhase;
			buildActionMask = 2147483647;
			files = (
			);
			runOnlyForDeploymentPostprocessing = 0;
		};
/* End PBXResourcesBuildPhase section */

/* Begin PBXShellScriptBuildPhase section */
		0AA0A72D2080D756CB64671D /* [CP] Copy Pods Resources */ = {
			isa = PBXShellScriptBuildPhase;
			buildActionMask = 2147483647;
			files = (
			);
			inputPaths = (
			);
			name = "[CP] Copy Pods Resources";
			outputPaths = (
			);
			runOnlyForDeploymentPostprocessing = 0;
			shellPath = /bin/sh;
			shellScript = "\"${SRCROOT}/Pods/Target Support Files/Pods-proj-2017-b/Pods-proj-2017-b-resources.sh\"\n";
			showEnvVarsInLog = 0;
		};
		0ACF14AE6D321E356B162DA6 /* [CP] Embed Pods Frameworks */ = {
			isa = PBXShellScriptBuildPhase;
			buildActionMask = 2147483647;
			files = (
			);
			inputPaths = (
			);
			name = "[CP] Embed Pods Frameworks";
			outputPaths = (
			);
			runOnlyForDeploymentPostprocessing = 0;
			shellPath = /bin/sh;
			shellScript = "\"${SRCROOT}/Pods/Target Support Files/Pods-proj-2017-bUITests/Pods-proj-2017-bUITests-frameworks.sh\"\n";
			showEnvVarsInLog = 0;
		};
		42D02D64CB6208FC3F395077 /* [CP] Embed Pods Frameworks */ = {
			isa = PBXShellScriptBuildPhase;
			buildActionMask = 2147483647;
			files = (
			);
			inputPaths = (
				"${SRCROOT}/Pods/Target Support Files/Pods-proj-2017-b/Pods-proj-2017-b-frameworks.sh",
				"${BUILT_PRODUCTS_DIR}/Alamofire/Alamofire.framework",
				"${BUILT_PRODUCTS_DIR}/QRCodeReader.swift/QRCodeReader.framework",
				"${BUILT_PRODUCTS_DIR}/R.swift.Library/Rswift.framework",
				"${BUILT_PRODUCTS_DIR}/RxSwift/RxSwift.framework",
				"${BUILT_PRODUCTS_DIR}/Unbox/Unbox.framework",
			);
			name = "[CP] Embed Pods Frameworks";
			outputPaths = (
				"${TARGET_BUILD_DIR}/${FRAMEWORKS_FOLDER_PATH}/Alamofire.framework",
				"${TARGET_BUILD_DIR}/${FRAMEWORKS_FOLDER_PATH}/QRCodeReader.framework",
				"${TARGET_BUILD_DIR}/${FRAMEWORKS_FOLDER_PATH}/Rswift.framework",
				"${TARGET_BUILD_DIR}/${FRAMEWORKS_FOLDER_PATH}/RxSwift.framework",
				"${TARGET_BUILD_DIR}/${FRAMEWORKS_FOLDER_PATH}/Unbox.framework",
			);
			runOnlyForDeploymentPostprocessing = 0;
			shellPath = /bin/sh;
			shellScript = "\"${SRCROOT}/Pods/Target Support Files/Pods-proj-2017-b/Pods-proj-2017-b-frameworks.sh\"\n";
			showEnvVarsInLog = 0;
		};
		55007C3A2FCA8BCF8AD7C75A /* [CP] Check Pods Manifest.lock */ = {
			isa = PBXShellScriptBuildPhase;
			buildActionMask = 2147483647;
			files = (
			);
			inputPaths = (
				"${PODS_PODFILE_DIR_PATH}/Podfile.lock",
				"${PODS_ROOT}/Manifest.lock",
			);
			name = "[CP] Check Pods Manifest.lock";
			outputPaths = (
				"$(DERIVED_FILE_DIR)/Pods-proj-2017-bUITests-checkManifestLockResult.txt",
			);
			runOnlyForDeploymentPostprocessing = 0;
			shellPath = /bin/sh;
			shellScript = "diff \"${PODS_PODFILE_DIR_PATH}/Podfile.lock\" \"${PODS_ROOT}/Manifest.lock\" > /dev/null\nif [ $? != 0 ] ; then\n    # print error to STDERR\n    echo \"error: The sandbox is not in sync with the Podfile.lock. Run 'pod install' or update your CocoaPods installation.\" >&2\n    exit 1\nfi\n# This output is used by Xcode 'outputs' to avoid re-running this script phase.\necho \"SUCCESS\" > \"${SCRIPT_OUTPUT_FILE_0}\"\n";
			showEnvVarsInLog = 0;
		};
		64978299EFA7AE9C4E00CB59 /* [CP] Copy Pods Resources */ = {
			isa = PBXShellScriptBuildPhase;
			buildActionMask = 2147483647;
			files = (
			);
			inputPaths = (
			);
			name = "[CP] Copy Pods Resources";
			outputPaths = (
			);
			runOnlyForDeploymentPostprocessing = 0;
			shellPath = /bin/sh;
			shellScript = "\"${SRCROOT}/Pods/Target Support Files/Pods-proj-2017-bTests/Pods-proj-2017-bTests-resources.sh\"\n";
			showEnvVarsInLog = 0;
		};
		679556CD05A078AA7728C450 /* [CP] Check Pods Manifest.lock */ = {
			isa = PBXShellScriptBuildPhase;
			buildActionMask = 2147483647;
			files = (
			);
			inputPaths = (
				"${PODS_PODFILE_DIR_PATH}/Podfile.lock",
				"${PODS_ROOT}/Manifest.lock",
			);
			name = "[CP] Check Pods Manifest.lock";
			outputPaths = (
				"$(DERIVED_FILE_DIR)/Pods-proj-2017-bTests-checkManifestLockResult.txt",
			);
			runOnlyForDeploymentPostprocessing = 0;
			shellPath = /bin/sh;
			shellScript = "diff \"${PODS_PODFILE_DIR_PATH}/Podfile.lock\" \"${PODS_ROOT}/Manifest.lock\" > /dev/null\nif [ $? != 0 ] ; then\n    # print error to STDERR\n    echo \"error: The sandbox is not in sync with the Podfile.lock. Run 'pod install' or update your CocoaPods installation.\" >&2\n    exit 1\nfi\n# This output is used by Xcode 'outputs' to avoid re-running this script phase.\necho \"SUCCESS\" > \"${SCRIPT_OUTPUT_FILE_0}\"\n";
			showEnvVarsInLog = 0;
		};
		6E2054861FD99C81009216E0 /* ShellScript */ = {
			isa = PBXShellScriptBuildPhase;
			buildActionMask = 2147483647;
			files = (
			);
			inputPaths = (
			);
			outputPaths = (
			);
			runOnlyForDeploymentPostprocessing = 0;
			shellPath = /bin/sh;
			shellScript = "\"$PODS_ROOT/R.swift/rswift\" generate \"$SRCROOT\"";
		};
		8672349C587A51911D6977B4 /* [CP] Check Pods Manifest.lock */ = {
			isa = PBXShellScriptBuildPhase;
			buildActionMask = 2147483647;
			files = (
			);
			inputPaths = (
				"${PODS_PODFILE_DIR_PATH}/Podfile.lock",
				"${PODS_ROOT}/Manifest.lock",
			);
			name = "[CP] Check Pods Manifest.lock";
			outputPaths = (
				"$(DERIVED_FILE_DIR)/Pods-proj-2017-b-checkManifestLockResult.txt",
			);
			runOnlyForDeploymentPostprocessing = 0;
			shellPath = /bin/sh;
			shellScript = "diff \"${PODS_PODFILE_DIR_PATH}/Podfile.lock\" \"${PODS_ROOT}/Manifest.lock\" > /dev/null\nif [ $? != 0 ] ; then\n    # print error to STDERR\n    echo \"error: The sandbox is not in sync with the Podfile.lock. Run 'pod install' or update your CocoaPods installation.\" >&2\n    exit 1\nfi\n# This output is used by Xcode 'outputs' to avoid re-running this script phase.\necho \"SUCCESS\" > \"${SCRIPT_OUTPUT_FILE_0}\"\n";
			showEnvVarsInLog = 0;
		};
		BFC73312E8F487C5A8F70111 /* [CP] Embed Pods Frameworks */ = {
			isa = PBXShellScriptBuildPhase;
			buildActionMask = 2147483647;
			files = (
			);
			inputPaths = (
			);
			name = "[CP] Embed Pods Frameworks";
			outputPaths = (
			);
			runOnlyForDeploymentPostprocessing = 0;
			shellPath = /bin/sh;
			shellScript = "\"${SRCROOT}/Pods/Target Support Files/Pods-proj-2017-bTests/Pods-proj-2017-bTests-frameworks.sh\"\n";
			showEnvVarsInLog = 0;
		};
		FF7DC9C64ECD094610ED0BFD /* [CP] Copy Pods Resources */ = {
			isa = PBXShellScriptBuildPhase;
			buildActionMask = 2147483647;
			files = (
			);
			inputPaths = (
			);
			name = "[CP] Copy Pods Resources";
			outputPaths = (
			);
			runOnlyForDeploymentPostprocessing = 0;
			shellPath = /bin/sh;
			shellScript = "\"${SRCROOT}/Pods/Target Support Files/Pods-proj-2017-bUITests/Pods-proj-2017-bUITests-resources.sh\"\n";
			showEnvVarsInLog = 0;
		};
/* End PBXShellScriptBuildPhase section */

/* Begin PBXSourcesBuildPhase section */
		6EC5B7081FD7B7010096B0A6 /* Sources */ = {
			isa = PBXSourcesBuildPhase;
			buildActionMask = 2147483647;
			files = (
				6E20547B1FD99AD4009216E0 /* TopViewController.swift in Sources */,
				6E2054881FD99D52009216E0 /* R.generated.swift in Sources */,
				6E2054941FD9A529009216E0 /* QRDataRepository.swift in Sources */,
				6E20548F1FD9A250009216E0 /* QRDataSendRequest.swift in Sources */,
				6E2054831FD99B42009216E0 /* ShowDataViewController.swift in Sources */,
				6E20548C1FD99FE5009216E0 /* KagayaAPI.swift in Sources */,
				6EC5B7121FD7B7010096B0A6 /* ReaderViewController.swift in Sources */,
				6E2054811FD99B38009216E0 /* ShowDataPresenter.swift in Sources */,
				6E2054921FD9A414009216E0 /* QRDataEntity.swift in Sources */,
				6EC5B7101FD7B7010096B0A6 /* AppDelegate.swift in Sources */,
				6E20548A1FD99FD9009216E0 /* API.swift in Sources */,
				6E20547E1FD99AF2009216E0 /* ReaderPresenter.swift in Sources */,
			);
			runOnlyForDeploymentPostprocessing = 0;
		};
		6EC5B71C1FD7B7010096B0A6 /* Sources */ = {
			isa = PBXSourcesBuildPhase;
			buildActionMask = 2147483647;
			files = (
				6EC5B7251FD7B7010096B0A6 /* proj_2017_bTests.swift in Sources */,
			);
			runOnlyForDeploymentPostprocessing = 0;
		};
		6EC5B7271FD7B7010096B0A6 /* Sources */ = {
			isa = PBXSourcesBuildPhase;
			buildActionMask = 2147483647;
			files = (
				6EC5B7301FD7B7010096B0A6 /* proj_2017_bUITests.swift in Sources */,
			);
			runOnlyForDeploymentPostprocessing = 0;
		};
/* End PBXSourcesBuildPhase section */

/* Begin PBXTargetDependency section */
		6EC5B7221FD7B7010096B0A6 /* PBXTargetDependency */ = {
			isa = PBXTargetDependency;
			target = 6EC5B70B1FD7B7010096B0A6 /* proj-2017-b */;
			targetProxy = 6EC5B7211FD7B7010096B0A6 /* PBXContainerItemProxy */;
		};
		6EC5B72D1FD7B7010096B0A6 /* PBXTargetDependency */ = {
			isa = PBXTargetDependency;
			target = 6EC5B70B1FD7B7010096B0A6 /* proj-2017-b */;
			targetProxy = 6EC5B72C1FD7B7010096B0A6 /* PBXContainerItemProxy */;
		};
/* End PBXTargetDependency section */

/* Begin PBXVariantGroup section */
		6EC5B7131FD7B7010096B0A6 /* Main.storyboard */ = {
			isa = PBXVariantGroup;
			children = (
				6EC5B7141FD7B7010096B0A6 /* Base */,
			);
			name = Main.storyboard;
			sourceTree = "<group>";
		};
		6EC5B7181FD7B7010096B0A6 /* LaunchScreen.storyboard */ = {
			isa = PBXVariantGroup;
			children = (
				6EC5B7191FD7B7010096B0A6 /* Base */,
			);
			name = LaunchScreen.storyboard;
			sourceTree = "<group>";
		};
/* End PBXVariantGroup section */

/* Begin XCBuildConfiguration section */
		6EC5B7321FD7B7010096B0A6 /* Debug */ = {
			isa = XCBuildConfiguration;
			buildSettings = {
				ALWAYS_SEARCH_USER_PATHS = NO;
				CLANG_ANALYZER_NONNULL = YES;
				CLANG_ANALYZER_NUMBER_OBJECT_CONVERSION = YES_AGGRESSIVE;
				CLANG_CXX_LANGUAGE_STANDARD = "gnu++14";
				CLANG_CXX_LIBRARY = "libc++";
				CLANG_ENABLE_MODULES = YES;
				CLANG_ENABLE_OBJC_ARC = YES;
				CLANG_WARN_BLOCK_CAPTURE_AUTORELEASING = YES;
				CLANG_WARN_BOOL_CONVERSION = YES;
				CLANG_WARN_COMMA = YES;
				CLANG_WARN_CONSTANT_CONVERSION = YES;
				CLANG_WARN_DIRECT_OBJC_ISA_USAGE = YES_ERROR;
				CLANG_WARN_DOCUMENTATION_COMMENTS = YES;
				CLANG_WARN_EMPTY_BODY = YES;
				CLANG_WARN_ENUM_CONVERSION = YES;
				CLANG_WARN_INFINITE_RECURSION = YES;
				CLANG_WARN_INT_CONVERSION = YES;
				CLANG_WARN_NON_LITERAL_NULL_CONVERSION = YES;
				CLANG_WARN_OBJC_LITERAL_CONVERSION = YES;
				CLANG_WARN_OBJC_ROOT_CLASS = YES_ERROR;
				CLANG_WARN_RANGE_LOOP_ANALYSIS = YES;
				CLANG_WARN_STRICT_PROTOTYPES = YES;
				CLANG_WARN_SUSPICIOUS_MOVE = YES;
				CLANG_WARN_UNGUARDED_AVAILABILITY = YES_AGGRESSIVE;
				CLANG_WARN_UNREACHABLE_CODE = YES;
				CLANG_WARN__DUPLICATE_METHOD_MATCH = YES;
				CODE_SIGN_IDENTITY = "iPhone Developer";
				COPY_PHASE_STRIP = NO;
				DEBUG_INFORMATION_FORMAT = dwarf;
				ENABLE_STRICT_OBJC_MSGSEND = YES;
				ENABLE_TESTABILITY = YES;
				GCC_C_LANGUAGE_STANDARD = gnu11;
				GCC_DYNAMIC_NO_PIC = NO;
				GCC_NO_COMMON_BLOCKS = YES;
				GCC_OPTIMIZATION_LEVEL = 0;
				GCC_PREPROCESSOR_DEFINITIONS = (
					"DEBUG=1",
					"$(inherited)",
				);
				GCC_WARN_64_TO_32_BIT_CONVERSION = YES;
				GCC_WARN_ABOUT_RETURN_TYPE = YES_ERROR;
				GCC_WARN_UNDECLARED_SELECTOR = YES;
				GCC_WARN_UNINITIALIZED_AUTOS = YES_AGGRESSIVE;
				GCC_WARN_UNUSED_FUNCTION = YES;
				GCC_WARN_UNUSED_VARIABLE = YES;
				IPHONEOS_DEPLOYMENT_TARGET = 11.1;
				MTL_ENABLE_DEBUG_INFO = YES;
				ONLY_ACTIVE_ARCH = YES;
				SDKROOT = iphoneos;
				SWIFT_ACTIVE_COMPILATION_CONDITIONS = DEBUG;
				SWIFT_OPTIMIZATION_LEVEL = "-Onone";
			};
			name = Debug;
		};
		6EC5B7331FD7B7010096B0A6 /* Release */ = {
			isa = XCBuildConfiguration;
			buildSettings = {
				ALWAYS_SEARCH_USER_PATHS = NO;
				CLANG_ANALYZER_NONNULL = YES;
				CLANG_ANALYZER_NUMBER_OBJECT_CONVERSION = YES_AGGRESSIVE;
				CLANG_CXX_LANGUAGE_STANDARD = "gnu++14";
				CLANG_CXX_LIBRARY = "libc++";
				CLANG_ENABLE_MODULES = YES;
				CLANG_ENABLE_OBJC_ARC = YES;
				CLANG_WARN_BLOCK_CAPTURE_AUTORELEASING = YES;
				CLANG_WARN_BOOL_CONVERSION = YES;
				CLANG_WARN_COMMA = YES;
				CLANG_WARN_CONSTANT_CONVERSION = YES;
				CLANG_WARN_DIRECT_OBJC_ISA_USAGE = YES_ERROR;
				CLANG_WARN_DOCUMENTATION_COMMENTS = YES;
				CLANG_WARN_EMPTY_BODY = YES;
				CLANG_WARN_ENUM_CONVERSION = YES;
				CLANG_WARN_INFINITE_RECURSION = YES;
				CLANG_WARN_INT_CONVERSION = YES;
				CLANG_WARN_NON_LITERAL_NULL_CONVERSION = YES;
				CLANG_WARN_OBJC_LITERAL_CONVERSION = YES;
				CLANG_WARN_OBJC_ROOT_CLASS = YES_ERROR;
				CLANG_WARN_RANGE_LOOP_ANALYSIS = YES;
				CLANG_WARN_STRICT_PROTOTYPES = YES;
				CLANG_WARN_SUSPICIOUS_MOVE = YES;
				CLANG_WARN_UNGUARDED_AVAILABILITY = YES_AGGRESSIVE;
				CLANG_WARN_UNREACHABLE_CODE = YES;
				CLANG_WARN__DUPLICATE_METHOD_MATCH = YES;
				CODE_SIGN_IDENTITY = "iPhone Developer";
				COPY_PHASE_STRIP = NO;
				DEBUG_INFORMATION_FORMAT = "dwarf-with-dsym";
				ENABLE_NS_ASSERTIONS = NO;
				ENABLE_STRICT_OBJC_MSGSEND = YES;
				GCC_C_LANGUAGE_STANDARD = gnu11;
				GCC_NO_COMMON_BLOCKS = YES;
				GCC_WARN_64_TO_32_BIT_CONVERSION = YES;
				GCC_WARN_ABOUT_RETURN_TYPE = YES_ERROR;
				GCC_WARN_UNDECLARED_SELECTOR = YES;
				GCC_WARN_UNINITIALIZED_AUTOS = YES_AGGRESSIVE;
				GCC_WARN_UNUSED_FUNCTION = YES;
				GCC_WARN_UNUSED_VARIABLE = YES;
				IPHONEOS_DEPLOYMENT_TARGET = 11.1;
				MTL_ENABLE_DEBUG_INFO = NO;
				SDKROOT = iphoneos;
				SWIFT_OPTIMIZATION_LEVEL = "-Owholemodule";
				VALIDATE_PRODUCT = YES;
			};
			name = Release;
		};
		6EC5B7351FD7B7010096B0A6 /* Debug */ = {
			isa = XCBuildConfiguration;
			baseConfigurationReference = 4D4A7E727E370F9F4558A36A /* Pods-proj-2017-b.debug.xcconfig */;
			buildSettings = {
				ASSETCATALOG_COMPILER_APPICON_NAME = AppIcon;
				CODE_SIGN_STYLE = Automatic;
				DEVELOPMENT_TEAM = TKM4VSA3YF;
				INFOPLIST_FILE = "proj-2017-b/Info.plist";
				LD_RUNPATH_SEARCH_PATHS = "$(inherited) @executable_path/Frameworks";
				PRODUCT_BUNDLE_IDENTIFIER = "com.kazu.proj-2017-b";
				PRODUCT_NAME = "$(TARGET_NAME)";
				SWIFT_VERSION = 4.0;
				TARGETED_DEVICE_FAMILY = "1,2";
			};
			name = Debug;
		};
		6EC5B7361FD7B7010096B0A6 /* Release */ = {
			isa = XCBuildConfiguration;
			baseConfigurationReference = BA7C45C92DB1AAD2CD1A9A0F /* Pods-proj-2017-b.release.xcconfig */;
			buildSettings = {
				ASSETCATALOG_COMPILER_APPICON_NAME = AppIcon;
				CODE_SIGN_STYLE = Automatic;
				DEVELOPMENT_TEAM = TKM4VSA3YF;
				INFOPLIST_FILE = "proj-2017-b/Info.plist";
				LD_RUNPATH_SEARCH_PATHS = "$(inherited) @executable_path/Frameworks";
				PRODUCT_BUNDLE_IDENTIFIER = "com.kazu.proj-2017-b";
				PRODUCT_NAME = "$(TARGET_NAME)";
				SWIFT_VERSION = 4.0;
				TARGETED_DEVICE_FAMILY = "1,2";
			};
			name = Release;
		};
		6EC5B7381FD7B7010096B0A6 /* Debug */ = {
			isa = XCBuildConfiguration;
			baseConfigurationReference = FF7DFF4136BA444267014731 /* Pods-proj-2017-bTests.debug.xcconfig */;
			buildSettings = {
				ALWAYS_EMBED_SWIFT_STANDARD_LIBRARIES = YES;
				BUNDLE_LOADER = "$(TEST_HOST)";
				CODE_SIGN_STYLE = Automatic;
				DEVELOPMENT_TEAM = TKM4VSA3YF;
				INFOPLIST_FILE = "proj-2017-bTests/Info.plist";
				LD_RUNPATH_SEARCH_PATHS = "$(inherited) @executable_path/Frameworks @loader_path/Frameworks";
				PRODUCT_BUNDLE_IDENTIFIER = "com.kazu.proj-2017-bTests";
				PRODUCT_NAME = "$(TARGET_NAME)";
				SWIFT_VERSION = 4.0;
				TARGETED_DEVICE_FAMILY = "1,2";
				TEST_HOST = "$(BUILT_PRODUCTS_DIR)/proj-2017-b.app/proj-2017-b";
			};
			name = Debug;
		};
		6EC5B7391FD7B7010096B0A6 /* Release */ = {
			isa = XCBuildConfiguration;
			baseConfigurationReference = 2B1CD479DF69D1402DBD8444 /* Pods-proj-2017-bTests.release.xcconfig */;
			buildSettings = {
				ALWAYS_EMBED_SWIFT_STANDARD_LIBRARIES = YES;
				BUNDLE_LOADER = "$(TEST_HOST)";
				CODE_SIGN_STYLE = Automatic;
				DEVELOPMENT_TEAM = TKM4VSA3YF;
				INFOPLIST_FILE = "proj-2017-bTests/Info.plist";
				LD_RUNPATH_SEARCH_PATHS = "$(inherited) @executable_path/Frameworks @loader_path/Frameworks";
				PRODUCT_BUNDLE_IDENTIFIER = "com.kazu.proj-2017-bTests";
				PRODUCT_NAME = "$(TARGET_NAME)";
				SWIFT_VERSION = 4.0;
				TARGETED_DEVICE_FAMILY = "1,2";
				TEST_HOST = "$(BUILT_PRODUCTS_DIR)/proj-2017-b.app/proj-2017-b";
			};
			name = Release;
		};
		6EC5B73B1FD7B7010096B0A6 /* Debug */ = {
			isa = XCBuildConfiguration;
			baseConfigurationReference = 78A66398994F8A38C75D5BAB /* Pods-proj-2017-bUITests.debug.xcconfig */;
			buildSettings = {
				ALWAYS_EMBED_SWIFT_STANDARD_LIBRARIES = YES;
				CODE_SIGN_STYLE = Automatic;
				DEVELOPMENT_TEAM = TKM4VSA3YF;
				INFOPLIST_FILE = "proj-2017-bUITests/Info.plist";
				LD_RUNPATH_SEARCH_PATHS = "$(inherited) @executable_path/Frameworks @loader_path/Frameworks";
				PRODUCT_BUNDLE_IDENTIFIER = "com.kazu.proj-2017-bUITests";
				PRODUCT_NAME = "$(TARGET_NAME)";
				SWIFT_VERSION = 4.0;
				TARGETED_DEVICE_FAMILY = "1,2";
				TEST_TARGET_NAME = "proj-2017-b";
			};
			name = Debug;
		};
		6EC5B73C1FD7B7010096B0A6 /* Release */ = {
			isa = XCBuildConfiguration;
			baseConfigurationReference = A27E721C7DF5ED473F394267 /* Pods-proj-2017-bUITests.release.xcconfig */;
			buildSettings = {
				ALWAYS_EMBED_SWIFT_STANDARD_LIBRARIES = YES;
				CODE_SIGN_STYLE = Automatic;
				DEVELOPMENT_TEAM = TKM4VSA3YF;
				INFOPLIST_FILE = "proj-2017-bUITests/Info.plist";
				LD_RUNPATH_SEARCH_PATHS = "$(inherited) @executable_path/Frameworks @loader_path/Frameworks";
				PRODUCT_BUNDLE_IDENTIFIER = "com.kazu.proj-2017-bUITests";
				PRODUCT_NAME = "$(TARGET_NAME)";
				SWIFT_VERSION = 4.0;
				TARGETED_DEVICE_FAMILY = "1,2";
				TEST_TARGET_NAME = "proj-2017-b";
			};
			name = Release;
		};
/* End XCBuildConfiguration section */

/* Begin XCConfigurationList section */
		6EC5B7071FD7B7010096B0A6 /* Build configuration list for PBXProject "proj-2017-b" */ = {
			isa = XCConfigurationList;
			buildConfigurations = (
				6EC5B7321FD7B7010096B0A6 /* Debug */,
				6EC5B7331FD7B7010096B0A6 /* Release */,
			);
			defaultConfigurationIsVisible = 0;
			defaultConfigurationName = Release;
		};
		6EC5B7341FD7B7010096B0A6 /* Build configuration list for PBXNativeTarget "proj-2017-b" */ = {
			isa = XCConfigurationList;
			buildConfigurations = (
				6EC5B7351FD7B7010096B0A6 /* Debug */,
				6EC5B7361FD7B7010096B0A6 /* Release */,
			);
			defaultConfigurationIsVisible = 0;
			defaultConfigurationName = Release;
		};
		6EC5B7371FD7B7010096B0A6 /* Build configuration list for PBXNativeTarget "proj-2017-bTests" */ = {
			isa = XCConfigurationList;
			buildConfigurations = (
				6EC5B7381FD7B7010096B0A6 /* Debug */,
				6EC5B7391FD7B7010096B0A6 /* Release */,
			);
			defaultConfigurationIsVisible = 0;
			defaultConfigurationName = Release;
		};
		6EC5B73A1FD7B7010096B0A6 /* Build configuration list for PBXNativeTarget "proj-2017-bUITests" */ = {
			isa = XCConfigurationList;
			buildConfigurations = (
				6EC5B73B1FD7B7010096B0A6 /* Debug */,
				6EC5B73C1FD7B7010096B0A6 /* Release */,
			);
			defaultConfigurationIsVisible = 0;
			defaultConfigurationName = Release;
		};
/* End XCConfigurationList section */
	};
	rootObject = 6EC5B7041FD7B7010096B0A6 /* Project object */;
}
